
Microsoft Visual Studio Solution File, Format Version 12.00
Project("{FAE04EC0-301F-11D3-BF4B-00C04F79EFBC}") = "ToyKata", "ToyKata\ToyKata.csproj", "{D3FC702B-2F01-42F9-9651-EE945AC295E0}"
EndProject
Global
	GlobalSection(SolutionConfigurationPlatforms) = preSolution
		Debug|Any CPU = Debug|Any CPU
		Release|Any CPU = Release|Any CPU
	EndGlobalSection
	GlobalSection(ProjectConfigurationPlatforms) = postSolution
		{D3FC702B-2F01-42F9-9651-EE945AC295E0}.Debug|Any CPU.ActiveCfg = Debug|Any CPU
		{D3FC702B-2F01-42F9-9651-EE945AC295E0}.Debug|Any CPU.Build.0 = Debug|Any CPU
		{D3FC702B-2F01-42F9-9651-EE945AC295E0}.Release|Any CPU.ActiveCfg = Release|Any CPU
		{D3FC702B-2F01-42F9-9651-EE945AC295E0}.Release|Any CPU.Build.0 = Release|Any CPU
	EndGlobalSection
EndGlobal
